
Microsoft Visual Studio Solution File, Format Version 12.00
# Visual Studio Version 17
VisualStudioVersion = 17.4.33213.308
MinimumVisualStudioVersion = 10.0.40219.1
Project("{FAE04EC0-301F-11D3-BF4B-00C04F79EFBC}") = "HW7_7_1", "HW7_7_1\HW7_7_1.csproj", "{89EAEC8B-8202-4B59-8956-1A6CDF384DD5}"
EndProject
Global
	GlobalSection(SolutionConfigurationPlatforms) = preSolution
		Debug|Any CPU = Debug|Any CPU
		Release|Any CPU = Release|Any CPU
	EndGlobalSection
	GlobalSection(ProjectConfigurationPlatforms) = postSolution
		{89EAEC8B-8202-4B59-8956-1A6CDF384DD5}.Debug|Any CPU.ActiveCfg = Debug|Any CPU
		{89EAEC8B-8202-4B59-8956-1A6CDF384DD5}.Debug|Any CPU.Build.0 = Debug|Any CPU
		{89EAEC8B-8202-4B59-8956-1A6CDF384DD5}.Release|Any CPU.ActiveCfg = Release|Any CPU
		{89EAEC8B-8202-4B59-8956-1A6CDF384DD5}.Release|Any CPU.Build.0 = Release|Any CPU
	EndGlobalSection
	GlobalSection(SolutionProperties) = preSolution
		HideSolutionNode = FALSE
	EndGlobalSection
	GlobalSection(ExtensibilityGlobals) = postSolution
		SolutionGuid = {1D89EB12-456E-439A-BAE6-11A8B0679648}
	EndGlobalSection
EndGlobal
