
Microsoft Visual Studio Solution File, Format Version 12.00
# Visual Studio Version 17
VisualStudioVersion = 17.4.33213.308
MinimumVisualStudioVersion = 10.0.40219.1
Project("{FAE04EC0-301F-11D3-BF4B-00C04F79EFBC}") = "HW7_4", "HW7_4\HW7_4.csproj", "{0F4E6D40-CF15-49FE-8D2A-5252498EE30D}"
EndProject
Global
	GlobalSection(SolutionConfigurationPlatforms) = preSolution
		Debug|Any CPU = Debug|Any CPU
		Release|Any CPU = Release|Any CPU
	EndGlobalSection
	GlobalSection(ProjectConfigurationPlatforms) = postSolution
		{0F4E6D40-CF15-49FE-8D2A-5252498EE30D}.Debug|Any CPU.ActiveCfg = Debug|Any CPU
		{0F4E6D40-CF15-49FE-8D2A-5252498EE30D}.Debug|Any CPU.Build.0 = Debug|Any CPU
		{0F4E6D40-CF15-49FE-8D2A-5252498EE30D}.Release|Any CPU.ActiveCfg = Release|Any CPU
		{0F4E6D40-CF15-49FE-8D2A-5252498EE30D}.Release|Any CPU.Build.0 = Release|Any CPU
	EndGlobalSection
	GlobalSection(SolutionProperties) = preSolution
		HideSolutionNode = FALSE
	EndGlobalSection
	GlobalSection(ExtensibilityGlobals) = postSolution
		SolutionGuid = {30AF09FF-0F1B-4331-9371-3042E8B1EEC2}
	EndGlobalSection
EndGlobal
