
Microsoft Visual Studio Solution File, Format Version 12.00
# Visual Studio Version 17
VisualStudioVersion = 17.4.33213.308
MinimumVisualStudioVersion = 10.0.40219.1
Project("{FAE04EC0-301F-11D3-BF4B-00C04F79EFBC}") = "HW4_6", "HW4_6\HW4_6.csproj", "{2CCF0B1B-6182-4287-9F41-A34551B69A83}"
EndProject
Global
	GlobalSection(SolutionConfigurationPlatforms) = preSolution
		Debug|Any CPU = Debug|Any CPU
		Release|Any CPU = Release|Any CPU
	EndGlobalSection
	GlobalSection(ProjectConfigurationPlatforms) = postSolution
		{2CCF0B1B-6182-4287-9F41-A34551B69A83}.Debug|Any CPU.ActiveCfg = Debug|Any CPU
		{2CCF0B1B-6182-4287-9F41-A34551B69A83}.Debug|Any CPU.Build.0 = Debug|Any CPU
		{2CCF0B1B-6182-4287-9F41-A34551B69A83}.Release|Any CPU.ActiveCfg = Release|Any CPU
		{2CCF0B1B-6182-4287-9F41-A34551B69A83}.Release|Any CPU.Build.0 = Release|Any CPU
	EndGlobalSection
	GlobalSection(SolutionProperties) = preSolution
		HideSolutionNode = FALSE
	EndGlobalSection
	GlobalSection(ExtensibilityGlobals) = postSolution
		SolutionGuid = {CB3A8B25-D8F1-4B4D-B37B-C8671807ACF0}
	EndGlobalSection
EndGlobal
