
Microsoft Visual Studio Solution File, Format Version 12.00
# Visual Studio Version 17
VisualStudioVersion = 17.4.33213.308
MinimumVisualStudioVersion = 10.0.40219.1
Project("{888888A0-9F3D-457C-B088-3A5042F75D52}") = "EX1_1", "EX1_1\EX1_1.pyproj", "{99540600-2872-47F1-9D07-74AA706D3D7A}"
EndProject
Global
	GlobalSection(SolutionConfigurationPlatforms) = preSolution
		Debug|Any CPU = Debug|Any CPU
		Release|Any CPU = Release|Any CPU
	EndGlobalSection
	GlobalSection(ProjectConfigurationPlatforms) = postSolution
		{99540600-2872-47F1-9D07-74AA706D3D7A}.Debug|Any CPU.ActiveCfg = Debug|Any CPU
		{99540600-2872-47F1-9D07-74AA706D3D7A}.Release|Any CPU.ActiveCfg = Release|Any CPU
	EndGlobalSection
	GlobalSection(SolutionProperties) = preSolution
		HideSolutionNode = FALSE
	EndGlobalSection
	GlobalSection(ExtensibilityGlobals) = postSolution
		SolutionGuid = {DB998CB4-F277-42BA-9CDD-FB15491D8383}
	EndGlobalSection
EndGlobal
