
Microsoft Visual Studio Solution File, Format Version 12.00
# Visual Studio Version 17
VisualStudioVersion = 17.4.33213.308
MinimumVisualStudioVersion = 10.0.40219.1
Project("{FAE04EC0-301F-11D3-BF4B-00C04F79EFBC}") = "HW13_2", "HW13_2\HW13_2.csproj", "{F6378017-A2A1-4815-8B9F-F78CD5452EBE}"
EndProject
Global
	GlobalSection(SolutionConfigurationPlatforms) = preSolution
		Debug|Any CPU = Debug|Any CPU
		Release|Any CPU = Release|Any CPU
	EndGlobalSection
	GlobalSection(ProjectConfigurationPlatforms) = postSolution
		{F6378017-A2A1-4815-8B9F-F78CD5452EBE}.Debug|Any CPU.ActiveCfg = Debug|Any CPU
		{F6378017-A2A1-4815-8B9F-F78CD5452EBE}.Debug|Any CPU.Build.0 = Debug|Any CPU
		{F6378017-A2A1-4815-8B9F-F78CD5452EBE}.Release|Any CPU.ActiveCfg = Release|Any CPU
		{F6378017-A2A1-4815-8B9F-F78CD5452EBE}.Release|Any CPU.Build.0 = Release|Any CPU
	EndGlobalSection
	GlobalSection(SolutionProperties) = preSolution
		HideSolutionNode = FALSE
	EndGlobalSection
	GlobalSection(ExtensibilityGlobals) = postSolution
		SolutionGuid = {1822A446-8250-4CBD-9AE8-8D737B06205F}
	EndGlobalSection
EndGlobal
