
Microsoft Visual Studio Solution File, Format Version 12.00
# Visual Studio Version 17
VisualStudioVersion = 17.4.33213.308
MinimumVisualStudioVersion = 10.0.40219.1
Project("{FAE04EC0-301F-11D3-BF4B-00C04F79EFBC}") = "HW4_8", "HW4_8\HW4_8.csproj", "{87BF5165-56BD-491C-A9C2-12289B747E75}"
EndProject
Global
	GlobalSection(SolutionConfigurationPlatforms) = preSolution
		Debug|Any CPU = Debug|Any CPU
		Release|Any CPU = Release|Any CPU
	EndGlobalSection
	GlobalSection(ProjectConfigurationPlatforms) = postSolution
		{87BF5165-56BD-491C-A9C2-12289B747E75}.Debug|Any CPU.ActiveCfg = Debug|Any CPU
		{87BF5165-56BD-491C-A9C2-12289B747E75}.Debug|Any CPU.Build.0 = Debug|Any CPU
		{87BF5165-56BD-491C-A9C2-12289B747E75}.Release|Any CPU.ActiveCfg = Release|Any CPU
		{87BF5165-56BD-491C-A9C2-12289B747E75}.Release|Any CPU.Build.0 = Release|Any CPU
	EndGlobalSection
	GlobalSection(SolutionProperties) = preSolution
		HideSolutionNode = FALSE
	EndGlobalSection
	GlobalSection(ExtensibilityGlobals) = postSolution
		SolutionGuid = {AA129F69-59C1-43EA-B173-02C8F820A0CD}
	EndGlobalSection
EndGlobal
