
Microsoft Visual Studio Solution File, Format Version 12.00
# Visual Studio Version 17
VisualStudioVersion = 17.4.33213.308
MinimumVisualStudioVersion = 10.0.40219.1
Project("{FAE04EC0-301F-11D3-BF4B-00C04F79EFBC}") = "HW8_1_3", "HW8_1_3\HW8_1_3.csproj", "{06238A40-08F4-4315-A1DF-F5111DFC1BE8}"
EndProject
Global
	GlobalSection(SolutionConfigurationPlatforms) = preSolution
		Debug|Any CPU = Debug|Any CPU
		Release|Any CPU = Release|Any CPU
	EndGlobalSection
	GlobalSection(ProjectConfigurationPlatforms) = postSolution
		{06238A40-08F4-4315-A1DF-F5111DFC1BE8}.Debug|Any CPU.ActiveCfg = Debug|Any CPU
		{06238A40-08F4-4315-A1DF-F5111DFC1BE8}.Debug|Any CPU.Build.0 = Debug|Any CPU
		{06238A40-08F4-4315-A1DF-F5111DFC1BE8}.Release|Any CPU.ActiveCfg = Release|Any CPU
		{06238A40-08F4-4315-A1DF-F5111DFC1BE8}.Release|Any CPU.Build.0 = Release|Any CPU
	EndGlobalSection
	GlobalSection(SolutionProperties) = preSolution
		HideSolutionNode = FALSE
	EndGlobalSection
	GlobalSection(ExtensibilityGlobals) = postSolution
		SolutionGuid = {B34888C9-D9E3-46F2-AA41-EDA9333ABE8D}
	EndGlobalSection
EndGlobal
