
Microsoft Visual Studio Solution File, Format Version 12.00
# Visual Studio Version 17
VisualStudioVersion = 17.4.33213.308
MinimumVisualStudioVersion = 10.0.40219.1
Project("{FAE04EC0-301F-11D3-BF4B-00C04F79EFBC}") = "HW2-3-2", "HW2-3-2\HW2-3-2.csproj", "{F31B572B-AC4F-453C-9737-1D2AE4A72676}"
EndProject
Global
	GlobalSection(SolutionConfigurationPlatforms) = preSolution
		Debug|Any CPU = Debug|Any CPU
		Release|Any CPU = Release|Any CPU
	EndGlobalSection
	GlobalSection(ProjectConfigurationPlatforms) = postSolution
		{F31B572B-AC4F-453C-9737-1D2AE4A72676}.Debug|Any CPU.ActiveCfg = Debug|Any CPU
		{F31B572B-AC4F-453C-9737-1D2AE4A72676}.Debug|Any CPU.Build.0 = Debug|Any CPU
		{F31B572B-AC4F-453C-9737-1D2AE4A72676}.Release|Any CPU.ActiveCfg = Release|Any CPU
		{F31B572B-AC4F-453C-9737-1D2AE4A72676}.Release|Any CPU.Build.0 = Release|Any CPU
	EndGlobalSection
	GlobalSection(SolutionProperties) = preSolution
		HideSolutionNode = FALSE
	EndGlobalSection
	GlobalSection(ExtensibilityGlobals) = postSolution
		SolutionGuid = {054C9ED5-869F-480E-81E2-75D9EDDF1D32}
	EndGlobalSection
EndGlobal
