
Microsoft Visual Studio Solution File, Format Version 12.00
# Visual Studio Version 17
VisualStudioVersion = 17.4.33213.308
MinimumVisualStudioVersion = 10.0.40219.1
Project("{888888A0-9F3D-457C-B088-3A5042F75D52}") = "P1_2", "P1_2\P1_2.pyproj", "{EA7D3E54-55D5-4D37-835D-82D2EE062AB9}"
EndProject
Global
	GlobalSection(SolutionConfigurationPlatforms) = preSolution
		Debug|Any CPU = Debug|Any CPU
		Release|Any CPU = Release|Any CPU
	EndGlobalSection
	GlobalSection(ProjectConfigurationPlatforms) = postSolution
		{EA7D3E54-55D5-4D37-835D-82D2EE062AB9}.Debug|Any CPU.ActiveCfg = Debug|Any CPU
		{EA7D3E54-55D5-4D37-835D-82D2EE062AB9}.Release|Any CPU.ActiveCfg = Release|Any CPU
	EndGlobalSection
	GlobalSection(SolutionProperties) = preSolution
		HideSolutionNode = FALSE
	EndGlobalSection
	GlobalSection(ExtensibilityGlobals) = postSolution
		SolutionGuid = {7CA5142E-330D-4FDA-8A74-00D8DCAB04B3}
	EndGlobalSection
EndGlobal
