
Microsoft Visual Studio Solution File, Format Version 12.00
# Visual Studio Version 17
VisualStudioVersion = 17.4.33213.308
MinimumVisualStudioVersion = 10.0.40219.1
Project("{FAE04EC0-301F-11D3-BF4B-00C04F79EFBC}") = "HW2-1-3", "HW2-1-3\HW2-1-3.csproj", "{EB404C4E-E86E-4BD8-9BDB-397CC089EBE9}"
EndProject
Global
	GlobalSection(SolutionConfigurationPlatforms) = preSolution
		Debug|Any CPU = Debug|Any CPU
		Release|Any CPU = Release|Any CPU
	EndGlobalSection
	GlobalSection(ProjectConfigurationPlatforms) = postSolution
		{EB404C4E-E86E-4BD8-9BDB-397CC089EBE9}.Debug|Any CPU.ActiveCfg = Debug|Any CPU
		{EB404C4E-E86E-4BD8-9BDB-397CC089EBE9}.Debug|Any CPU.Build.0 = Debug|Any CPU
		{EB404C4E-E86E-4BD8-9BDB-397CC089EBE9}.Release|Any CPU.ActiveCfg = Release|Any CPU
		{EB404C4E-E86E-4BD8-9BDB-397CC089EBE9}.Release|Any CPU.Build.0 = Release|Any CPU
	EndGlobalSection
	GlobalSection(SolutionProperties) = preSolution
		HideSolutionNode = FALSE
	EndGlobalSection
	GlobalSection(ExtensibilityGlobals) = postSolution
		SolutionGuid = {F7AF2629-C114-4604-904B-6340EE0882AF}
	EndGlobalSection
EndGlobal
