
Microsoft Visual Studio Solution File, Format Version 12.00
# Visual Studio Version 17
VisualStudioVersion = 17.4.33213.308
MinimumVisualStudioVersion = 10.0.40219.1
Project("{FAE04EC0-301F-11D3-BF4B-00C04F79EFBC}") = "HW2-1-2", "HW2-1-2\HW2-1-2.csproj", "{B2E063F9-ED97-475F-8C40-9041DC07B414}"
EndProject
Global
	GlobalSection(SolutionConfigurationPlatforms) = preSolution
		Debug|Any CPU = Debug|Any CPU
		Release|Any CPU = Release|Any CPU
	EndGlobalSection
	GlobalSection(ProjectConfigurationPlatforms) = postSolution
		{B2E063F9-ED97-475F-8C40-9041DC07B414}.Debug|Any CPU.ActiveCfg = Debug|Any CPU
		{B2E063F9-ED97-475F-8C40-9041DC07B414}.Debug|Any CPU.Build.0 = Debug|Any CPU
		{B2E063F9-ED97-475F-8C40-9041DC07B414}.Release|Any CPU.ActiveCfg = Release|Any CPU
		{B2E063F9-ED97-475F-8C40-9041DC07B414}.Release|Any CPU.Build.0 = Release|Any CPU
	EndGlobalSection
	GlobalSection(SolutionProperties) = preSolution
		HideSolutionNode = FALSE
	EndGlobalSection
	GlobalSection(ExtensibilityGlobals) = postSolution
		SolutionGuid = {F000E556-0816-4F44-9140-AD4023CF3A83}
	EndGlobalSection
EndGlobal
