
Microsoft Visual Studio Solution File, Format Version 12.00
# Visual Studio Version 17
VisualStudioVersion = 17.4.33213.308
MinimumVisualStudioVersion = 10.0.40219.1
Project("{FAE04EC0-301F-11D3-BF4B-00C04F79EFBC}") = "HW12_1", "HW12_1\HW12_1.csproj", "{ACF11931-FC21-4336-A055-735970493DC8}"
EndProject
Global
	GlobalSection(SolutionConfigurationPlatforms) = preSolution
		Debug|Any CPU = Debug|Any CPU
		Release|Any CPU = Release|Any CPU
	EndGlobalSection
	GlobalSection(ProjectConfigurationPlatforms) = postSolution
		{ACF11931-FC21-4336-A055-735970493DC8}.Debug|Any CPU.ActiveCfg = Debug|Any CPU
		{ACF11931-FC21-4336-A055-735970493DC8}.Debug|Any CPU.Build.0 = Debug|Any CPU
		{ACF11931-FC21-4336-A055-735970493DC8}.Release|Any CPU.ActiveCfg = Release|Any CPU
		{ACF11931-FC21-4336-A055-735970493DC8}.Release|Any CPU.Build.0 = Release|Any CPU
	EndGlobalSection
	GlobalSection(SolutionProperties) = preSolution
		HideSolutionNode = FALSE
	EndGlobalSection
	GlobalSection(ExtensibilityGlobals) = postSolution
		SolutionGuid = {0FF27A3A-48E8-4473-A7E1-F6CAA945DACF}
	EndGlobalSection
EndGlobal
