
Microsoft Visual Studio Solution File, Format Version 12.00
# Visual Studio Version 17
VisualStudioVersion = 17.4.33213.308
MinimumVisualStudioVersion = 10.0.40219.1
Project("{888888A0-9F3D-457C-B088-3A5042F75D52}") = "P1_1", "P1_1\P1_1.pyproj", "{C8711734-FA69-4C19-977C-B84060723098}"
EndProject
Global
	GlobalSection(SolutionConfigurationPlatforms) = preSolution
		Debug|Any CPU = Debug|Any CPU
		Release|Any CPU = Release|Any CPU
	EndGlobalSection
	GlobalSection(ProjectConfigurationPlatforms) = postSolution
		{C8711734-FA69-4C19-977C-B84060723098}.Debug|Any CPU.ActiveCfg = Debug|Any CPU
		{C8711734-FA69-4C19-977C-B84060723098}.Release|Any CPU.ActiveCfg = Release|Any CPU
	EndGlobalSection
	GlobalSection(SolutionProperties) = preSolution
		HideSolutionNode = FALSE
	EndGlobalSection
	GlobalSection(ExtensibilityGlobals) = postSolution
		SolutionGuid = {3574C5CA-113F-44B6-B315-3DBD2008C662}
	EndGlobalSection
EndGlobal
