
Microsoft Visual Studio Solution File, Format Version 12.00
# Visual Studio Version 17
VisualStudioVersion = 17.4.33213.308
MinimumVisualStudioVersion = 10.0.40219.1
Project("{FAE04EC0-301F-11D3-BF4B-00C04F79EFBC}") = "HW3_7", "HW3_7\HW3_7.csproj", "{EC69B6D2-95A2-4A9B-A7FA-57465C74A4C1}"
EndProject
Global
	GlobalSection(SolutionConfigurationPlatforms) = preSolution
		Debug|Any CPU = Debug|Any CPU
		Release|Any CPU = Release|Any CPU
	EndGlobalSection
	GlobalSection(ProjectConfigurationPlatforms) = postSolution
		{EC69B6D2-95A2-4A9B-A7FA-57465C74A4C1}.Debug|Any CPU.ActiveCfg = Debug|Any CPU
		{EC69B6D2-95A2-4A9B-A7FA-57465C74A4C1}.Debug|Any CPU.Build.0 = Debug|Any CPU
		{EC69B6D2-95A2-4A9B-A7FA-57465C74A4C1}.Release|Any CPU.ActiveCfg = Release|Any CPU
		{EC69B6D2-95A2-4A9B-A7FA-57465C74A4C1}.Release|Any CPU.Build.0 = Release|Any CPU
	EndGlobalSection
	GlobalSection(SolutionProperties) = preSolution
		HideSolutionNode = FALSE
	EndGlobalSection
	GlobalSection(ExtensibilityGlobals) = postSolution
		SolutionGuid = {B56082FB-477C-4AB9-846B-196BF13987B4}
	EndGlobalSection
EndGlobal
