
Microsoft Visual Studio Solution File, Format Version 12.00
# Visual Studio Version 17
VisualStudioVersion = 17.4.33213.308
MinimumVisualStudioVersion = 10.0.40219.1
Project("{888888A0-9F3D-457C-B088-3A5042F75D52}") = "P1_3", "P1_3\P1_3.pyproj", "{ADE6A7C5-1B10-4A54-A491-18BEDDBF076B}"
EndProject
Global
	GlobalSection(SolutionConfigurationPlatforms) = preSolution
		Debug|Any CPU = Debug|Any CPU
		Release|Any CPU = Release|Any CPU
	EndGlobalSection
	GlobalSection(ProjectConfigurationPlatforms) = postSolution
		{ADE6A7C5-1B10-4A54-A491-18BEDDBF076B}.Debug|Any CPU.ActiveCfg = Debug|Any CPU
		{ADE6A7C5-1B10-4A54-A491-18BEDDBF076B}.Release|Any CPU.ActiveCfg = Release|Any CPU
	EndGlobalSection
	GlobalSection(SolutionProperties) = preSolution
		HideSolutionNode = FALSE
	EndGlobalSection
	GlobalSection(ExtensibilityGlobals) = postSolution
		SolutionGuid = {207A95EE-1A4C-4EC5-AC5F-1A8C0D09F1F3}
	EndGlobalSection
EndGlobal
