
Microsoft Visual Studio Solution File, Format Version 12.00
# Visual Studio Version 17
VisualStudioVersion = 17.4.33213.308
MinimumVisualStudioVersion = 10.0.40219.1
Project("{FAE04EC0-301F-11D3-BF4B-00C04F79EFBC}") = "P2", "P2\P2.csproj", "{988743C7-9757-420E-BF1D-CB30129E78A5}"
EndProject
Global
	GlobalSection(SolutionConfigurationPlatforms) = preSolution
		Debug|Any CPU = Debug|Any CPU
		Release|Any CPU = Release|Any CPU
	EndGlobalSection
	GlobalSection(ProjectConfigurationPlatforms) = postSolution
		{988743C7-9757-420E-BF1D-CB30129E78A5}.Debug|Any CPU.ActiveCfg = Debug|Any CPU
		{988743C7-9757-420E-BF1D-CB30129E78A5}.Debug|Any CPU.Build.0 = Debug|Any CPU
		{988743C7-9757-420E-BF1D-CB30129E78A5}.Release|Any CPU.ActiveCfg = Release|Any CPU
		{988743C7-9757-420E-BF1D-CB30129E78A5}.Release|Any CPU.Build.0 = Release|Any CPU
	EndGlobalSection
	GlobalSection(SolutionProperties) = preSolution
		HideSolutionNode = FALSE
	EndGlobalSection
	GlobalSection(ExtensibilityGlobals) = postSolution
		SolutionGuid = {6FCF30F4-8919-4C56-B483-AFDD9E27B30A}
	EndGlobalSection
EndGlobal
