
Microsoft Visual Studio Solution File, Format Version 12.00
# Visual Studio Version 17
VisualStudioVersion = 17.4.33213.308
MinimumVisualStudioVersion = 10.0.40219.1
Project("{FAE04EC0-301F-11D3-BF4B-00C04F79EFBC}") = "HW7_5", "HW7_5\HW7_5.csproj", "{ADC79B75-D2FF-4F5D-9590-985082AA09E8}"
EndProject
Global
	GlobalSection(SolutionConfigurationPlatforms) = preSolution
		Debug|Any CPU = Debug|Any CPU
		Release|Any CPU = Release|Any CPU
	EndGlobalSection
	GlobalSection(ProjectConfigurationPlatforms) = postSolution
		{ADC79B75-D2FF-4F5D-9590-985082AA09E8}.Debug|Any CPU.ActiveCfg = Debug|Any CPU
		{ADC79B75-D2FF-4F5D-9590-985082AA09E8}.Debug|Any CPU.Build.0 = Debug|Any CPU
		{ADC79B75-D2FF-4F5D-9590-985082AA09E8}.Release|Any CPU.ActiveCfg = Release|Any CPU
		{ADC79B75-D2FF-4F5D-9590-985082AA09E8}.Release|Any CPU.Build.0 = Release|Any CPU
	EndGlobalSection
	GlobalSection(SolutionProperties) = preSolution
		HideSolutionNode = FALSE
	EndGlobalSection
	GlobalSection(ExtensibilityGlobals) = postSolution
		SolutionGuid = {974AA3CD-45F8-4BFC-B1E3-C6119136F182}
	EndGlobalSection
EndGlobal
